
Microsoft Visual Studio Solution File, Format Version 12.00
# Visual Studio Version 16
VisualStudioVersion = 16.0.29926.136
MinimumVisualStudioVersion = 10.0.40219.1
Project("{9A19103F-16F7-4668-BE54-9A1E7A4F7556}") = "RentAPI", "RentAPI\RentAPI.csproj", "{B9CE62AD-5203-45B3-9D14-432304B6C6A3}"
EndProject
Project("{FAE04EC0-301F-11D3-BF4B-00C04F79EFBC}") = "Rent.Model", "Rent.Model\Rent.Model.csproj", "{774D3F0B-805B-4247-BC84-29AA851D78A5}"
EndProject
Project("{9A19103F-16F7-4668-BE54-9A1E7A4F7556}") = "Rent.Service", "Rent.Service\Rent.Service.csproj", "{C3D9D81A-08D0-4B4F-8A0D-BA557C6F4348}"
EndProject
Project("{FAE04EC0-301F-11D3-BF4B-00C04F79EFBC}") = "Rent.Data", "Rent.Data\Rent.Data.csproj", "{B788ACFC-A10F-4EF9-9F9C-D5ABAA02C6B6}"
EndProject
Global
	GlobalSection(SolutionConfigurationPlatforms) = preSolution
		Debug|Any CPU = Debug|Any CPU
		Debug|ARM = Debug|ARM
		Debug|ARM64 = Debug|ARM64
		Debug|iPhone = Debug|iPhone
		Debug|iPhoneSimulator = Debug|iPhoneSimulator
		Debug|x64 = Debug|x64
		Debug|x86 = Debug|x86
		Release|Any CPU = Release|Any CPU
		Release|ARM = Release|ARM
		Release|ARM64 = Release|ARM64
		Release|iPhone = Release|iPhone
		Release|iPhoneSimulator = Release|iPhoneSimulator
		Release|x64 = Release|x64
		Release|x86 = Release|x86
	EndGlobalSection
	GlobalSection(ProjectConfigurationPlatforms) = postSolution
		{B9CE62AD-5203-45B3-9D14-432304B6C6A3}.Debug|Any CPU.ActiveCfg = Debug|Any CPU
		{B9CE62AD-5203-45B3-9D14-432304B6C6A3}.Debug|Any CPU.Build.0 = Debug|Any CPU
		{B9CE62AD-5203-45B3-9D14-432304B6C6A3}.Debug|ARM.ActiveCfg = Debug|Any CPU
		{B9CE62AD-5203-45B3-9D14-432304B6C6A3}.Debug|ARM.Build.0 = Debug|Any CPU
		{B9CE62AD-5203-45B3-9D14-432304B6C6A3}.Debug|ARM64.ActiveCfg = Debug|Any CPU
		{B9CE62AD-5203-45B3-9D14-432304B6C6A3}.Debug|ARM64.Build.0 = Debug|Any CPU
		{B9CE62AD-5203-45B3-9D14-432304B6C6A3}.Debug|iPhone.ActiveCfg = Debug|Any CPU
		{B9CE62AD-5203-45B3-9D14-432304B6C6A3}.Debug|iPhone.Build.0 = Debug|Any CPU
		{B9CE62AD-5203-45B3-9D14-432304B6C6A3}.Debug|iPhoneSimulator.ActiveCfg = Debug|Any CPU
		{B9CE62AD-5203-45B3-9D14-432304B6C6A3}.Debug|iPhoneSimulator.Build.0 = Debug|Any CPU
		{B9CE62AD-5203-45B3-9D14-432304B6C6A3}.Debug|x64.ActiveCfg = Debug|Any CPU
		{B9CE62AD-5203-45B3-9D14-432304B6C6A3}.Debug|x64.Build.0 = Debug|Any CPU
		{B9CE62AD-5203-45B3-9D14-432304B6C6A3}.Debug|x86.ActiveCfg = Debug|Any CPU
		{B9CE62AD-5203-45B3-9D14-432304B6C6A3}.Debug|x86.Build.0 = Debug|Any CPU
		{B9CE62AD-5203-45B3-9D14-432304B6C6A3}.Release|Any CPU.ActiveCfg = Release|Any CPU
		{B9CE62AD-5203-45B3-9D14-432304B6C6A3}.Release|Any CPU.Build.0 = Release|Any CPU
		{B9CE62AD-5203-45B3-9D14-432304B6C6A3}.Release|ARM.ActiveCfg = Release|Any CPU
		{B9CE62AD-5203-45B3-9D14-432304B6C6A3}.Release|ARM.Build.0 = Release|Any CPU
		{B9CE62AD-5203-45B3-9D14-432304B6C6A3}.Release|ARM64.ActiveCfg = Release|Any CPU
		{B9CE62AD-5203-45B3-9D14-432304B6C6A3}.Release|ARM64.Build.0 = Release|Any CPU
		{B9CE62AD-5203-45B3-9D14-432304B6C6A3}.Release|iPhone.ActiveCfg = Release|Any CPU
		{B9CE62AD-5203-45B3-9D14-432304B6C6A3}.Release|iPhone.Build.0 = Release|Any CPU
		{B9CE62AD-5203-45B3-9D14-432304B6C6A3}.Release|iPhoneSimulator.ActiveCfg = Release|Any CPU
		{B9CE62AD-5203-45B3-9D14-432304B6C6A3}.Release|iPhoneSimulator.Build.0 = Release|Any CPU
		{B9CE62AD-5203-45B3-9D14-432304B6C6A3}.Release|x64.ActiveCfg = Release|Any CPU
		{B9CE62AD-5203-45B3-9D14-432304B6C6A3}.Release|x64.Build.0 = Release|Any CPU
		{B9CE62AD-5203-45B3-9D14-432304B6C6A3}.Release|x86.ActiveCfg = Release|Any CPU
		{B9CE62AD-5203-45B3-9D14-432304B6C6A3}.Release|x86.Build.0 = Release|Any CPU
		{774D3F0B-805B-4247-BC84-29AA851D78A5}.Debug|Any CPU.ActiveCfg = Debug|Any CPU
		{774D3F0B-805B-4247-BC84-29AA851D78A5}.Debug|Any CPU.Build.0 = Debug|Any CPU
		{774D3F0B-805B-4247-BC84-29AA851D78A5}.Debug|ARM.ActiveCfg = Debug|Any CPU
		{774D3F0B-805B-4247-BC84-29AA851D78A5}.Debug|ARM.Build.0 = Debug|Any CPU
		{774D3F0B-805B-4247-BC84-29AA851D78A5}.Debug|ARM64.ActiveCfg = Debug|Any CPU
		{774D3F0B-805B-4247-BC84-29AA851D78A5}.Debug|ARM64.Build.0 = Debug|Any CPU
		{774D3F0B-805B-4247-BC84-29AA851D78A5}.Debug|iPhone.ActiveCfg = Debug|Any CPU
		{774D3F0B-805B-4247-BC84-29AA851D78A5}.Debug|iPhone.Build.0 = Debug|Any CPU
		{774D3F0B-805B-4247-BC84-29AA851D78A5}.Debug|iPhoneSimulator.ActiveCfg = Debug|Any CPU
		{774D3F0B-805B-4247-BC84-29AA851D78A5}.Debug|iPhoneSimulator.Build.0 = Debug|Any CPU
		{774D3F0B-805B-4247-BC84-29AA851D78A5}.Debug|x64.ActiveCfg = Debug|Any CPU
		{774D3F0B-805B-4247-BC84-29AA851D78A5}.Debug|x64.Build.0 = Debug|Any CPU
		{774D3F0B-805B-4247-BC84-29AA851D78A5}.Debug|x86.ActiveCfg = Debug|Any CPU
		{774D3F0B-805B-4247-BC84-29AA851D78A5}.Debug|x86.Build.0 = Debug|Any CPU
		{774D3F0B-805B-4247-BC84-29AA851D78A5}.Release|Any CPU.ActiveCfg = Release|Any CPU
		{774D3F0B-805B-4247-BC84-29AA851D78A5}.Release|Any CPU.Build.0 = Release|Any CPU
		{774D3F0B-805B-4247-BC84-29AA851D78A5}.Release|ARM.ActiveCfg = Release|Any CPU
		{774D3F0B-805B-4247-BC84-29AA851D78A5}.Release|ARM.Build.0 = Release|Any CPU
		{774D3F0B-805B-4247-BC84-29AA851D78A5}.Release|ARM64.ActiveCfg = Release|Any CPU
		{774D3F0B-805B-4247-BC84-29AA851D78A5}.Release|ARM64.Build.0 = Release|Any CPU
		{774D3F0B-805B-4247-BC84-29AA851D78A5}.Release|iPhone.ActiveCfg = Release|Any CPU
		{774D3F0B-805B-4247-BC84-29AA851D78A5}.Release|iPhone.Build.0 = Release|Any CPU
		{774D3F0B-805B-4247-BC84-29AA851D78A5}.Release|iPhoneSimulator.ActiveCfg = Release|Any CPU
		{774D3F0B-805B-4247-BC84-29AA851D78A5}.Release|iPhoneSimulator.Build.0 = Release|Any CPU
		{774D3F0B-805B-4247-BC84-29AA851D78A5}.Release|x64.ActiveCfg = Release|Any CPU
		{774D3F0B-805B-4247-BC84-29AA851D78A5}.Release|x64.Build.0 = Release|Any CPU
		{774D3F0B-805B-4247-BC84-29AA851D78A5}.Release|x86.ActiveCfg = Release|Any CPU
		{774D3F0B-805B-4247-BC84-29AA851D78A5}.Release|x86.Build.0 = Release|Any CPU
		{C3D9D81A-08D0-4B4F-8A0D-BA557C6F4348}.Debug|Any CPU.ActiveCfg = Debug|Any CPU
		{C3D9D81A-08D0-4B4F-8A0D-BA557C6F4348}.Debug|Any CPU.Build.0 = Debug|Any CPU
		{C3D9D81A-08D0-4B4F-8A0D-BA557C6F4348}.Debug|ARM.ActiveCfg = Debug|Any CPU
		{C3D9D81A-08D0-4B4F-8A0D-BA557C6F4348}.Debug|ARM.Build.0 = Debug|Any CPU
		{C3D9D81A-08D0-4B4F-8A0D-BA557C6F4348}.Debug|ARM64.ActiveCfg = Debug|Any CPU
		{C3D9D81A-08D0-4B4F-8A0D-BA557C6F4348}.Debug|ARM64.Build.0 = Debug|Any CPU
		{C3D9D81A-08D0-4B4F-8A0D-BA557C6F4348}.Debug|iPhone.ActiveCfg = Debug|Any CPU
		{C3D9D81A-08D0-4B4F-8A0D-BA557C6F4348}.Debug|iPhone.Build.0 = Debug|Any CPU
		{C3D9D81A-08D0-4B4F-8A0D-BA557C6F4348}.Debug|iPhoneSimulator.ActiveCfg = Debug|Any CPU
		{C3D9D81A-08D0-4B4F-8A0D-BA557C6F4348}.Debug|iPhoneSimulator.Build.0 = Debug|Any CPU
		{C3D9D81A-08D0-4B4F-8A0D-BA557C6F4348}.Debug|x64.ActiveCfg = Debug|Any CPU
		{C3D9D81A-08D0-4B4F-8A0D-BA557C6F4348}.Debug|x64.Build.0 = Debug|Any CPU
		{C3D9D81A-08D0-4B4F-8A0D-BA557C6F4348}.Debug|x86.ActiveCfg = Debug|Any CPU
		{C3D9D81A-08D0-4B4F-8A0D-BA557C6F4348}.Debug|x86.Build.0 = Debug|Any CPU
		{C3D9D81A-08D0-4B4F-8A0D-BA557C6F4348}.Release|Any CPU.ActiveCfg = Release|Any CPU
		{C3D9D81A-08D0-4B4F-8A0D-BA557C6F4348}.Release|Any CPU.Build.0 = Release|Any CPU
		{C3D9D81A-08D0-4B4F-8A0D-BA557C6F4348}.Release|ARM.ActiveCfg = Release|Any CPU
		{C3D9D81A-08D0-4B4F-8A0D-BA557C6F4348}.Release|ARM.Build.0 = Release|Any CPU
		{C3D9D81A-08D0-4B4F-8A0D-BA557C6F4348}.Release|ARM64.ActiveCfg = Release|Any CPU
		{C3D9D81A-08D0-4B4F-8A0D-BA557C6F4348}.Release|ARM64.Build.0 = Release|Any CPU
		{C3D9D81A-08D0-4B4F-8A0D-BA557C6F4348}.Release|iPhone.ActiveCfg = Release|Any CPU
		{C3D9D81A-08D0-4B4F-8A0D-BA557C6F4348}.Release|iPhone.Build.0 = Release|Any CPU
		{C3D9D81A-08D0-4B4F-8A0D-BA557C6F4348}.Release|iPhoneSimulator.ActiveCfg = Release|Any CPU
		{C3D9D81A-08D0-4B4F-8A0D-BA557C6F4348}.Release|iPhoneSimulator.Build.0 = Release|Any CPU
		{C3D9D81A-08D0-4B4F-8A0D-BA557C6F4348}.Release|x64.ActiveCfg = Release|Any CPU
		{C3D9D81A-08D0-4B4F-8A0D-BA557C6F4348}.Release|x64.Build.0 = Release|Any CPU
		{C3D9D81A-08D0-4B4F-8A0D-BA557C6F4348}.Release|x86.ActiveCfg = Release|Any CPU
		{C3D9D81A-08D0-4B4F-8A0D-BA557C6F4348}.Release|x86.Build.0 = Release|Any CPU
		{B788ACFC-A10F-4EF9-9F9C-D5ABAA02C6B6}.Debug|Any CPU.ActiveCfg = Debug|Any CPU
		{B788ACFC-A10F-4EF9-9F9C-D5ABAA02C6B6}.Debug|Any CPU.Build.0 = Debug|Any CPU
		{B788ACFC-A10F-4EF9-9F9C-D5ABAA02C6B6}.Debug|ARM.ActiveCfg = Debug|Any CPU
		{B788ACFC-A10F-4EF9-9F9C-D5ABAA02C6B6}.Debug|ARM.Build.0 = Debug|Any CPU
		{B788ACFC-A10F-4EF9-9F9C-D5ABAA02C6B6}.Debug|ARM64.ActiveCfg = Debug|Any CPU
		{B788ACFC-A10F-4EF9-9F9C-D5ABAA02C6B6}.Debug|ARM64.Build.0 = Debug|Any CPU
		{B788ACFC-A10F-4EF9-9F9C-D5ABAA02C6B6}.Debug|iPhone.ActiveCfg = Debug|Any CPU
		{B788ACFC-A10F-4EF9-9F9C-D5ABAA02C6B6}.Debug|iPhone.Build.0 = Debug|Any CPU
		{B788ACFC-A10F-4EF9-9F9C-D5ABAA02C6B6}.Debug|iPhoneSimulator.ActiveCfg = Debug|Any CPU
		{B788ACFC-A10F-4EF9-9F9C-D5ABAA02C6B6}.Debug|iPhoneSimulator.Build.0 = Debug|Any CPU
		{B788ACFC-A10F-4EF9-9F9C-D5ABAA02C6B6}.Debug|x64.ActiveCfg = Debug|Any CPU
		{B788ACFC-A10F-4EF9-9F9C-D5ABAA02C6B6}.Debug|x64.Build.0 = Debug|Any CPU
		{B788ACFC-A10F-4EF9-9F9C-D5ABAA02C6B6}.Debug|x86.ActiveCfg = Debug|Any CPU
		{B788ACFC-A10F-4EF9-9F9C-D5ABAA02C6B6}.Debug|x86.Build.0 = Debug|Any CPU
		{B788ACFC-A10F-4EF9-9F9C-D5ABAA02C6B6}.Release|Any CPU.ActiveCfg = Release|Any CPU
		{B788ACFC-A10F-4EF9-9F9C-D5ABAA02C6B6}.Release|Any CPU.Build.0 = Release|Any CPU
		{B788ACFC-A10F-4EF9-9F9C-D5ABAA02C6B6}.Release|ARM.ActiveCfg = Release|Any CPU
		{B788ACFC-A10F-4EF9-9F9C-D5ABAA02C6B6}.Release|ARM.Build.0 = Release|Any CPU
		{B788ACFC-A10F-4EF9-9F9C-D5ABAA02C6B6}.Release|ARM64.ActiveCfg = Release|Any CPU
		{B788ACFC-A10F-4EF9-9F9C-D5ABAA02C6B6}.Release|ARM64.Build.0 = Release|Any CPU
		{B788ACFC-A10F-4EF9-9F9C-D5ABAA02C6B6}.Release|iPhone.ActiveCfg = Release|Any CPU
		{B788ACFC-A10F-4EF9-9F9C-D5ABAA02C6B6}.Release|iPhone.Build.0 = Release|Any CPU
		{B788ACFC-A10F-4EF9-9F9C-D5ABAA02C6B6}.Release|iPhoneSimulator.ActiveCfg = Release|Any CPU
		{B788ACFC-A10F-4EF9-9F9C-D5ABAA02C6B6}.Release|iPhoneSimulator.Build.0 = Release|Any CPU
		{B788ACFC-A10F-4EF9-9F9C-D5ABAA02C6B6}.Release|x64.ActiveCfg = Release|Any CPU
		{B788ACFC-A10F-4EF9-9F9C-D5ABAA02C6B6}.Release|x64.Build.0 = Release|Any CPU
		{B788ACFC-A10F-4EF9-9F9C-D5ABAA02C6B6}.Release|x86.ActiveCfg = Release|Any CPU
		{B788ACFC-A10F-4EF9-9F9C-D5ABAA02C6B6}.Release|x86.Build.0 = Release|Any CPU
	EndGlobalSection
	GlobalSection(SolutionProperties) = preSolution
		HideSolutionNode = FALSE
	EndGlobalSection
	GlobalSection(ExtensibilityGlobals) = postSolution
		SolutionGuid = {6F7B4C16-88A7-479D-8863-740AD61580F9}
	EndGlobalSection
EndGlobal
